
Microsoft Visual Studio Solution File, Format Version 12.00
# Visual Studio Version 16
VisualStudioVersion = 16.0.30517.126
MinimumVisualStudioVersion = 10.0.40219.1
Project("{FAE04EC0-301F-11D3-BF4B-00C04F79EFBC}") = "ConsoleApp3", "ConsoleApp3\ConsoleApp3.csproj", "{AFDDEB75-565B-4EC2-B4D0-D937AC11949F}"
EndProject
Global
	GlobalSection(SolutionConfigurationPlatforms) = preSolution
		Debug|Any CPU = Debug|Any CPU
		Release|Any CPU = Release|Any CPU
	EndGlobalSection
	GlobalSection(ProjectConfigurationPlatforms) = postSolution
		{AFDDEB75-565B-4EC2-B4D0-D937AC11949F}.Debug|Any CPU.ActiveCfg = Debug|Any CPU
		{AFDDEB75-565B-4EC2-B4D0-D937AC11949F}.Debug|Any CPU.Build.0 = Debug|Any CPU
		{AFDDEB75-565B-4EC2-B4D0-D937AC11949F}.Release|Any CPU.ActiveCfg = Release|Any CPU
		{AFDDEB75-565B-4EC2-B4D0-D937AC11949F}.Release|Any CPU.Build.0 = Release|Any CPU
	EndGlobalSection
	GlobalSection(SolutionProperties) = preSolution
		HideSolutionNode = FALSE
	EndGlobalSection
	GlobalSection(ExtensibilityGlobals) = postSolution
		SolutionGuid = {805CBDD7-065C-49B2-B4AF-3BFE43814FF6}
	EndGlobalSection
EndGlobal
